
Microsoft Visual Studio Solution File, Format Version 12.00
# Visual Studio Version 16
VisualStudioVersion = 16.0.30320.27
MinimumVisualStudioVersion = 10.0.40219.1
Project("{8BC9CEB8-8B4A-11D0-8D11-00A0C91BC942}") = "imgComp-fltk", "imgComp-fltk.vcxproj", "{080FD305-0EBB-469C-8E80-10E237C1E3F4}"
EndProject
Project("{8BC9CEB8-8B4A-11D0-8D11-00A0C91BC942}") = "imgComp-fltkZ", "imgComp-fltkZ\imgComp-fltkZ.vcxproj", "{51096187-5FF3-4DB2-8CF5-24F8849AA1EF}"
EndProject
Project("{8BC9CEB8-8B4A-11D0-8D11-00A0C91BC942}") = "imgCompZ_cl", "imgCompZ_cl\imgCompZ_cl.vcxproj", "{5A789296-BCB0-4288-9D3A-04934D1B84C9}"
EndProject
Project("{8BC9CEB8-8B4A-11D0-8D11-00A0C91BC942}") = "imgComp_cl", "imgComp_cl\imgComp_cl.vcxproj", "{E222A6E5-7832-4576-A9EE-50350FCF2208}"
EndProject
Global
	GlobalSection(SolutionConfigurationPlatforms) = preSolution
		Debug|x64 = Debug|x64
		Debug|x86 = Debug|x86
		Release|x64 = Release|x64
		Release|x86 = Release|x86
	EndGlobalSection
	GlobalSection(ProjectConfigurationPlatforms) = postSolution
		{080FD305-0EBB-469C-8E80-10E237C1E3F4}.Debug|x64.ActiveCfg = Debug|x64
		{080FD305-0EBB-469C-8E80-10E237C1E3F4}.Debug|x64.Build.0 = Debug|x64
		{080FD305-0EBB-469C-8E80-10E237C1E3F4}.Debug|x86.ActiveCfg = Debug|Win32
		{080FD305-0EBB-469C-8E80-10E237C1E3F4}.Debug|x86.Build.0 = Debug|Win32
		{080FD305-0EBB-469C-8E80-10E237C1E3F4}.Release|x64.ActiveCfg = Release|x64
		{080FD305-0EBB-469C-8E80-10E237C1E3F4}.Release|x64.Build.0 = Release|x64
		{080FD305-0EBB-469C-8E80-10E237C1E3F4}.Release|x86.ActiveCfg = Release|Win32
		{080FD305-0EBB-469C-8E80-10E237C1E3F4}.Release|x86.Build.0 = Release|Win32
		{51096187-5FF3-4DB2-8CF5-24F8849AA1EF}.Debug|x64.ActiveCfg = Debug|x64
		{51096187-5FF3-4DB2-8CF5-24F8849AA1EF}.Debug|x64.Build.0 = Debug|x64
		{51096187-5FF3-4DB2-8CF5-24F8849AA1EF}.Debug|x86.ActiveCfg = Debug|Win32
		{51096187-5FF3-4DB2-8CF5-24F8849AA1EF}.Debug|x86.Build.0 = Debug|Win32
		{51096187-5FF3-4DB2-8CF5-24F8849AA1EF}.Release|x64.ActiveCfg = Release|x64
		{51096187-5FF3-4DB2-8CF5-24F8849AA1EF}.Release|x64.Build.0 = Release|x64
		{51096187-5FF3-4DB2-8CF5-24F8849AA1EF}.Release|x86.ActiveCfg = Release|Win32
		{51096187-5FF3-4DB2-8CF5-24F8849AA1EF}.Release|x86.Build.0 = Release|Win32
		{5A789296-BCB0-4288-9D3A-04934D1B84C9}.Debug|x64.ActiveCfg = Debug|x64
		{5A789296-BCB0-4288-9D3A-04934D1B84C9}.Debug|x64.Build.0 = Debug|x64
		{5A789296-BCB0-4288-9D3A-04934D1B84C9}.Debug|x86.ActiveCfg = Debug|Win32
		{5A789296-BCB0-4288-9D3A-04934D1B84C9}.Debug|x86.Build.0 = Debug|Win32
		{5A789296-BCB0-4288-9D3A-04934D1B84C9}.Release|x64.ActiveCfg = Release|x64
		{5A789296-BCB0-4288-9D3A-04934D1B84C9}.Release|x64.Build.0 = Release|x64
		{5A789296-BCB0-4288-9D3A-04934D1B84C9}.Release|x86.ActiveCfg = Release|Win32
		{5A789296-BCB0-4288-9D3A-04934D1B84C9}.Release|x86.Build.0 = Release|Win32
		{E222A6E5-7832-4576-A9EE-50350FCF2208}.Debug|x64.ActiveCfg = Debug|x64
		{E222A6E5-7832-4576-A9EE-50350FCF2208}.Debug|x64.Build.0 = Debug|x64
		{E222A6E5-7832-4576-A9EE-50350FCF2208}.Debug|x86.ActiveCfg = Debug|Win32
		{E222A6E5-7832-4576-A9EE-50350FCF2208}.Debug|x86.Build.0 = Debug|Win32
		{E222A6E5-7832-4576-A9EE-50350FCF2208}.Release|x64.ActiveCfg = Release|x64
		{E222A6E5-7832-4576-A9EE-50350FCF2208}.Release|x64.Build.0 = Release|x64
		{E222A6E5-7832-4576-A9EE-50350FCF2208}.Release|x86.ActiveCfg = Release|Win32
		{E222A6E5-7832-4576-A9EE-50350FCF2208}.Release|x86.Build.0 = Release|Win32
	EndGlobalSection
	GlobalSection(SolutionProperties) = preSolution
		HideSolutionNode = FALSE
	EndGlobalSection
	GlobalSection(ExtensibilityGlobals) = postSolution
		SolutionGuid = {F8E4E6FE-22FD-4795-9989-C86BAB52D5A9}
	EndGlobalSection
EndGlobal
